<?xml version="1.0" encoding="utf-8"?>
<Project ToolsVersion="16.0" xmlns="http://schemas.microsoft.com/developer/msbuild/2003">
  <ItemGroup>
    <Filter Include="CUDA Files">
      <UniqueIdentifier>{FE9F7CF0-EF69-36A7-84AF-C00C6C609674}</UniqueIdentifier>
    </Filter>
    <Filter Include="Header Files">
      <UniqueIdentifier>{B12E62E1-0366-3027-B9F5-61A5C28001A5}</UniqueIdentifier>
    </Filter>
    <Filter Include="Source Files">
      <UniqueIdentifier>{7EDDE469-BF8E-32BF-96F7-E505816DB25B}</UniqueIdentifier>
    </Filter>
  </ItemGroup>
  <ItemGroup>
    <None Include="ray_diffuse.cu">
      <Filter>CUDA Files</Filter>
    </None>
    <None Include="ray_texture.cu">
      <Filter>CUDA Files</Filter>
    </None>
    <None Include="ray_mirror.cu">
      <Filter>CUDA Files</Filter>
    </None>
    <None Include="ray.cu">
      <Filter>CUDA Files</Filter>
    </None>
    <None Include="ray_uniform.cu">
      <Filter>CUDA Files</Filter>
    </None>
  </ItemGroup>
  <ItemGroup>
    <ClInclude Include="Camera.h">
      <Filter>Header Files</Filter>
    </ClInclude>
    <ClInclude Include="CUDAOutputBuffer.h">
      <Filter>Header Files</Filter>
    </ClInclude>
    <ClInclude Include="GLDisplay.h">
      <Filter>Header Files</Filter>
    </ClInclude>
    <ClInclude Include="graphic.h">
      <Filter>Header Files</Filter>
    </ClInclude>
    <ClInclude Include="optix_wrapper.h">
      <Filter>Header Files</Filter>
    </ClInclude>
    <ClInclude Include="Exception.h">
      <Filter>Header Files</Filter>
    </ClInclude>
    <ClInclude Include="vec_math.h">
      <Filter>Header Files</Filter>
    </ClInclude>
    <ClInclude Include="Preprocessor.h">
      <Filter>Header Files</Filter>
    </ClInclude>
    <ClInclude Include="window.h">
      <Filter>Header Files</Filter>
    </ClInclude>
    <ClInclude Include="memory.h">
      <Filter>Header Files</Filter>
    </ClInclude>
    <ClInclude Include="Geometry.h">
      <Filter>Header Files</Filter>
    </ClInclude>
    <ClInclude Include="buffering.h">
      <Filter>Header Files</Filter>
    </ClInclude>
    <ClInclude Include="Texture.h">
      <Filter>Header Files</Filter>
    </ClInclude>
    <ClInclude Include="stb_image.h">
      <Filter>Header Files</Filter>
    </ClInclude>
    <ClInclude Include="context.h">
      <Filter>Header Files</Filter>
    </ClInclude>
    <ClInclude Include="Material.h">
      <Filter>Header Files</Filter>
    </ClInclude>
    <ClInclude Include="Instance.h">
      <Filter>Header Files</Filter>
    </ClInclude>
    <ClInclude Include="EmissiveMaterial.h">
      <Filter>Header Files</Filter>
    </ClInclude>
    <ClInclude Include="EmissiveTextureMaterial.h">
      <Filter>Header Files</Filter>
    </ClInclude>
    <ClInclude Include="program.h">
      <Filter>Header Files</Filter>
    </ClInclude>
    <ClInclude Include="cuda_state.h">
      <Filter>Header Files</Filter>
    </ClInclude>
    <ClInclude Include="LambertMaterial.h">
      <Filter>Header Files</Filter>
    </ClInclude>
    <ClInclude Include="LambertTextureMaterial.h">
      <Filter>Header Files</Filter>
    </ClInclude>
    <ClInclude Include="PhongMaterial.h">
      <Filter>Header Files</Filter>
    </ClInclude>
    <ClInclude Include="ray_phong.cu">
      <Filter>CUDA Files</Filter>
    </ClInclude>
  </ItemGroup>
  <ItemGroup>
    <ClCompile Include="GLDisplay.cpp">
      <Filter>Source Files</Filter>
    </ClCompile>
    <ClCompile Include="optix_wrapper.cpp">
      <Filter>Source Files</Filter>
    </ClCompile>
    <ClCompile Include="window.cpp">
      <Filter>Source Files</Filter>
    </ClCompile>
    <ClCompile Include="memory.cpp">
      <Filter>Source Files</Filter>
    </ClCompile>
    <ClCompile Include="buffering.cpp">
      <Filter>Source Files</Filter>
    </ClCompile>
    <ClCompile Include="Texture.cpp">
      <Filter>Source Files</Filter>
    </ClCompile>
  </ItemGroup>
</Project>